# THIS IS AN AUTOGENERATED FILE. DO NOT EDIT THIS FILE DIRECTLY.
# yarn lockfile v1


dotenv@^10.0.0:
  version "10.0.0"
  resolved "https://registry.yarnpkg.com/dotenv/-/dotenv-10.0.0.tgz#3d4227b8fb95f81096cdd2b66653fb2c7085ba81"
  integrity sha512-rlBi9d8jpv9Sf1klPjNfFAuWDjKLwTIJJ/VxtoTwIR6hnZxcEOQCZg2oIL3MWBYw5GpUDKOEnND7LXTbIpQ03Q==

prettier@^2.4.1:
  version "2.8.8"
  resolved "https://registry.yarnpkg.com/prettier/-/prettier-2.8.8.tgz#e8c5d7e98a4305ffe3de2e1fc4aca1a71c28b1da"
  integrity sha512-tdN8qQGvNjw4CHbY+XXk0JgCXn9QiF21a55rBe5LJAU+kDyC4WQn4+awm2Xfk2lQMk5fKup9XgzTZtGkjBdP9Q==

twitter-api-v2@^1.6.5:
  version "1.14.3"
  resolved "https://registry.yarnpkg.com/twitter-api-v2/-/twitter-api-v2-1.14.3.tgz#babe270a9a3a2b7a92e7b5770f3827d67dbe73a6"
  integrity sha512-NJeEwlgZ+DKBRky2kLzomeXK0zLQ2dRFY4OxQ2U8gtun8sl5nNM6PTH/AcZyaXoBKlnOWPsOzYMwwjohv/ZFhw==
